# THIS IS AN AUTOGENERATED FILE. DO NOT EDIT THIS FILE DIRECTLY.
# yarn lockfile v1


"@vue/reactivity@~3.5.40":
  version "3.5.42"
  resolved "https://registry.yarnpkg.com/@vue/reactivity/-/reactivity-3.5.42.tgz#800220f023d36fd04d94460c7c7ab5808f8ae75f"
  integrity sha512-TzNNfKpb7hDxbQltwAut8VDQA5YP+BuRlxntHUuRjyKwlMvmAPbs3unhCvieijifY6vFfVBwsS7wG/C7uq+bEQ==
  dependencies:
    "@vue/shared" "3.5.42"

"@vue/shared@3.5.42":
  version "3.5.42"
  resolved "https://registry.yarnpkg.com/@vue/shared/-/shared-3.5.42.tgz#a413cf21262502662354cda3b65ab31bca979202"
  integrity sha512-2rPxex1jQf4jvl9MOHl6YaXCPcrNqz/FstMOEh3QWY+/OME9nQTvl9WYeCwhW7AFjaR0SnngZGlp/wkR6rkI6g==

alpinejs@^3.15.12:
  version "3.17.2"
  resolved "https://registry.yarnpkg.com/alpinejs/-/alpinejs-3.17.2.tgz#56e1df47e46593990a83861fc4a3915466ad06ca"
  integrity sha512-xbnG3LlnmFkiNO49C+qhqjEDqOdB0snKqvT48ZVp8TakpZOpsoQbc/jAxpptQRjZi7c9rLeCfvwQ/XOSirIZFQ==
  dependencies:
    "@vue/reactivity" "~3.5.40"
