# THIS IS AN AUTOGENERATED FILE. DO NOT EDIT THIS FILE DIRECTLY.
# yarn lockfile v1


"@vue/reactivity@~3.5.40":
  version "3.5.43"
  resolved "https://registry.yarnpkg.com/@vue/reactivity/-/reactivity-3.5.43.tgz#26441233103e834616959a032d8fabd4524fd089"
  integrity sha512-G/c9GyOZNI2jVaaS6OX1EF1SSFSv7H0ERqNTl4+DTFMlZmB5eVAB53aLQNam/7NL2NPtaDD7RdVrzf8uJzMuOA==
  dependencies:
    "@vue/shared" "3.5.43"

"@vue/shared@3.5.43":
  version "3.5.43"
  resolved "https://registry.yarnpkg.com/@vue/shared/-/shared-3.5.43.tgz#22c11ecf1304bfc6f6b745f3b4ba54c410074338"
  integrity sha512-uksS7YGMR5NZyr4JNq0Rp+QyLns0ueaz20KwzIPW9R0LH1Vnt4E+XUM29PNseEbf1www2gOuhuDi5AKOIXag9Q==

alpinejs@^3.15.12:
  version "3.17.4"
  resolved "https://registry.yarnpkg.com/alpinejs/-/alpinejs-3.17.4.tgz#67eef45410a114e61894884571e9e97a3302099d"
  integrity sha512-N2gsr+58XVUt7OAPKnUGiKPDtkd+xbSGTae8C8IJxeRdkkhBJPIautkJ+qcwb7lcjJ/QK3/CPVIbN20JPvtK7A==
  dependencies:
    "@vue/reactivity" "~3.5.40"
